
Microsoft Visual Studio Solution File, Format Version 12.00
# Visual Studio Version 17
VisualStudioVersion = 17.5.002.0
MinimumVisualStudioVersion = 10.0.40219.1
Project("{9A19103F-16F7-4668-BE54-9A1E7A4F7556}") = "Task3", "Task3.csproj", "{BAC887A9-3BA5-459E-B367-313E80E34667}"
EndProject
Global
	GlobalSection(SolutionConfigurationPlatforms) = preSolution
		Debug|Any CPU = Debug|Any CPU
		Release|Any CPU = Release|Any CPU
	EndGlobalSection
	GlobalSection(ProjectConfigurationPlatforms) = postSolution
		{BAC887A9-3BA5-459E-B367-313E80E34667}.Debug|Any CPU.ActiveCfg = Debug|Any CPU
		{BAC887A9-3BA5-459E-B367-313E80E34667}.Debug|Any CPU.Build.0 = Debug|Any CPU
		{BAC887A9-3BA5-459E-B367-313E80E34667}.Release|Any CPU.ActiveCfg = Release|Any CPU
		{BAC887A9-3BA5-459E-B367-313E80E34667}.Release|Any CPU.Build.0 = Release|Any CPU
	EndGlobalSection
	GlobalSection(SolutionProperties) = preSolution
		HideSolutionNode = FALSE
	EndGlobalSection
	GlobalSection(ExtensibilityGlobals) = postSolution
		SolutionGuid = {11CB3839-F0AE-42AE-9EB9-EA57B4EAF690}
	EndGlobalSection
EndGlobal
