
Microsoft Visual Studio Solution File, Format Version 12.00
# Visual Studio Version 17
VisualStudioVersion = 17.5.002.0
MinimumVisualStudioVersion = 10.0.40219.1
Project("{9A19103F-16F7-4668-BE54-9A1E7A4F7556}") = "Task2", "Task2.csproj", "{00EAF38E-E96E-4745-AC4D-200D6CB7D8ED}"
EndProject
Global
	GlobalSection(SolutionConfigurationPlatforms) = preSolution
		Debug|Any CPU = Debug|Any CPU
		Release|Any CPU = Release|Any CPU
	EndGlobalSection
	GlobalSection(ProjectConfigurationPlatforms) = postSolution
		{00EAF38E-E96E-4745-AC4D-200D6CB7D8ED}.Debug|Any CPU.ActiveCfg = Debug|Any CPU
		{00EAF38E-E96E-4745-AC4D-200D6CB7D8ED}.Debug|Any CPU.Build.0 = Debug|Any CPU
		{00EAF38E-E96E-4745-AC4D-200D6CB7D8ED}.Release|Any CPU.ActiveCfg = Release|Any CPU
		{00EAF38E-E96E-4745-AC4D-200D6CB7D8ED}.Release|Any CPU.Build.0 = Release|Any CPU
	EndGlobalSection
	GlobalSection(SolutionProperties) = preSolution
		HideSolutionNode = FALSE
	EndGlobalSection
	GlobalSection(ExtensibilityGlobals) = postSolution
		SolutionGuid = {E52ACCBA-C3CD-45ED-B2E0-82F2CD9A68D5}
	EndGlobalSection
EndGlobal
